
Microsoft Visual Studio Solution File, Format Version 12.00
# Visual Studio Version 16
VisualStudioVersion = 16.0.29519.181
MinimumVisualStudioVersion = 10.0.40219.1
Project("{9A19103F-16F7-4668-BE54-9A1E7A4F7556}") = "Marketplace.Server", "Marketplace\Server\Marketplace.Server.csproj", "{8812B860-6554-4B11-AE73-5830132805E2}"
EndProject
Project("{9A19103F-16F7-4668-BE54-9A1E7A4F7556}") = "Marketplace.Client", "Marketplace\Client\Marketplace.Client.csproj", "{4863F23C-E8EB-4AF5-BF8C-C1E2C64B9AFD}"
EndProject
Project("{9A19103F-16F7-4668-BE54-9A1E7A4F7556}") = "Marketplace.Shared", "Marketplace\Shared\Marketplace.Shared.csproj", "{549C0E3F-A7E9-41D9-A11C-ACA9DBFF3382}"
EndProject
Project("{FAE04EC0-301F-11D3-BF4B-00C04F79EFBC}") = "UnturnedMarketplacePlugin", "Marketplace\Plugins\Unturned\UnturnedMarketplacePlugin.csproj", "{21D02097-8444-4823-A624-22F7B9718D7A}"
EndProject
Project("{00D1A9C2-B5F0-4AF3-8072-F6C62B433612}") = "Database", "Marketplace\Database\Database.sqlproj", "{661793B6-B0FC-4ABD-810A-E8334BB4C98E}"
EndProject
Global
	GlobalSection(SolutionConfigurationPlatforms) = preSolution
		Debug|Any CPU = Debug|Any CPU
		Release|Any CPU = Release|Any CPU
	EndGlobalSection
	GlobalSection(ProjectConfigurationPlatforms) = postSolution
		{8812B860-6554-4B11-AE73-5830132805E2}.Debug|Any CPU.ActiveCfg = Debug|Any CPU
		{8812B860-6554-4B11-AE73-5830132805E2}.Debug|Any CPU.Build.0 = Debug|Any CPU
		{8812B860-6554-4B11-AE73-5830132805E2}.Release|Any CPU.ActiveCfg = Release|Any CPU
		{8812B860-6554-4B11-AE73-5830132805E2}.Release|Any CPU.Build.0 = Release|Any CPU
		{4863F23C-E8EB-4AF5-BF8C-C1E2C64B9AFD}.Debug|Any CPU.ActiveCfg = Debug|Any CPU
		{4863F23C-E8EB-4AF5-BF8C-C1E2C64B9AFD}.Debug|Any CPU.Build.0 = Debug|Any CPU
		{4863F23C-E8EB-4AF5-BF8C-C1E2C64B9AFD}.Release|Any CPU.ActiveCfg = Release|Any CPU
		{4863F23C-E8EB-4AF5-BF8C-C1E2C64B9AFD}.Release|Any CPU.Build.0 = Release|Any CPU
		{549C0E3F-A7E9-41D9-A11C-ACA9DBFF3382}.Debug|Any CPU.ActiveCfg = Debug|Any CPU
		{549C0E3F-A7E9-41D9-A11C-ACA9DBFF3382}.Debug|Any CPU.Build.0 = Debug|Any CPU
		{549C0E3F-A7E9-41D9-A11C-ACA9DBFF3382}.Release|Any CPU.ActiveCfg = Release|Any CPU
		{549C0E3F-A7E9-41D9-A11C-ACA9DBFF3382}.Release|Any CPU.Build.0 = Release|Any CPU
		{21D02097-8444-4823-A624-22F7B9718D7A}.Debug|Any CPU.ActiveCfg = Debug|Any CPU
		{21D02097-8444-4823-A624-22F7B9718D7A}.Debug|Any CPU.Build.0 = Debug|Any CPU
		{21D02097-8444-4823-A624-22F7B9718D7A}.Release|Any CPU.ActiveCfg = Release|Any CPU
		{21D02097-8444-4823-A624-22F7B9718D7A}.Release|Any CPU.Build.0 = Release|Any CPU
		{661793B6-B0FC-4ABD-810A-E8334BB4C98E}.Debug|Any CPU.ActiveCfg = Debug|Any CPU
		{661793B6-B0FC-4ABD-810A-E8334BB4C98E}.Debug|Any CPU.Build.0 = Debug|Any CPU
		{661793B6-B0FC-4ABD-810A-E8334BB4C98E}.Debug|Any CPU.Deploy.0 = Debug|Any CPU
		{661793B6-B0FC-4ABD-810A-E8334BB4C98E}.Release|Any CPU.ActiveCfg = Release|Any CPU
		{661793B6-B0FC-4ABD-810A-E8334BB4C98E}.Release|Any CPU.Build.0 = Release|Any CPU
		{661793B6-B0FC-4ABD-810A-E8334BB4C98E}.Release|Any CPU.Deploy.0 = Release|Any CPU
	EndGlobalSection
	GlobalSection(SolutionProperties) = preSolution
		HideSolutionNode = FALSE
	EndGlobalSection
	GlobalSection(ExtensibilityGlobals) = postSolution
		SolutionGuid = {5126CD86-42B2-4A41-91B5-AC68BE05A01F}
	EndGlobalSection
EndGlobal
